
Microsoft Visual Studio Solution File, Format Version 12.00
# Visual Studio Version 16
VisualStudioVersion = 16.0.29409.12
MinimumVisualStudioVersion = 10.0.40219.1
Project("{FAE04EC0-301F-11D3-BF4B-00C04F79EFBC}") = "Contract Collection Example", "Contract Collection Example\Contract Collection Example.csproj", "{0F4CD43A-9E33-4498-87BD-1398D758CA2F}"
EndProject
Global
	GlobalSection(SolutionConfigurationPlatforms) = preSolution
		Debug|Any CPU = Debug|Any CPU
		Release|Any CPU = Release|Any CPU
	EndGlobalSection
	GlobalSection(ProjectConfigurationPlatforms) = postSolution
		{0F4CD43A-9E33-4498-87BD-1398D758CA2F}.Debug|Any CPU.ActiveCfg = Debug|Any CPU
		{0F4CD43A-9E33-4498-87BD-1398D758CA2F}.Debug|Any CPU.Build.0 = Debug|Any CPU
		{0F4CD43A-9E33-4498-87BD-1398D758CA2F}.Release|Any CPU.ActiveCfg = Release|Any CPU
		{0F4CD43A-9E33-4498-87BD-1398D758CA2F}.Release|Any CPU.Build.0 = Release|Any CPU
	EndGlobalSection
	GlobalSection(SolutionProperties) = preSolution
		HideSolutionNode = FALSE
	EndGlobalSection
	GlobalSection(ExtensibilityGlobals) = postSolution
		SolutionGuid = {7DE438B3-8F50-4D85-954C-1D1096A1B9BB}
	EndGlobalSection
EndGlobal
